// !$*UTF8*$!
{
	archiveVersion = 1;
	classes = {
	};
	objectVersion = 55;
	objects = {

/* Begin PBXBuildFile section */
		E5424A542808BA6C003A2676 /* AppDelegate.swift in Sources */ = {isa = PBXBuildFile; fileRef = E5424A532808BA6C003A2676 /* AppDelegate.swift */; };
		E5424A562808BA6C003A2676 /* SceneDelegate.swift in Sources */ = {isa = PBXBuildFile; fileRef = E5424A552808BA6C003A2676 /* SceneDelegate.swift */; };
		E5424A582808BA6C003A2676 /* ViewController.swift in Sources */ = {isa = PBXBuildFile; fileRef = E5424A572808BA6C003A2676 /* ViewController.swift */; };
		E5424A5B2808BA6C003A2676 /* Main.storyboard in Resources */ = {isa = PBXBuildFile; fileRef = E5424A592808BA6C003A2676 /* Main.storyboard */; };
		E5424A5D2808BA70003A2676 /* Assets.xcassets in Resources */ = {isa = PBXBuildFile; fileRef = E5424A5C2808BA70003A2676 /* Assets.xcassets */; };
		E5424A602808BA70003A2676 /* LaunchScreen.storyboard in Resources */ = {isa = PBXBuildFile; fileRef = E5424A5E2808BA70003A2676 /* LaunchScreen.storyboard */; };
		E5424A6B2808BA70003A2676 /* themoviedb_networklayerTests.swift in Sources */ = {isa = PBXBuildFile; fileRef = E5424A6A2808BA70003A2676 /* themoviedb_networklayerTests.swift */; };
		E5424A752808BA70003A2676 /* themoviedb_networklayerUITests.swift in Sources */ = {isa = PBXBuildFile; fileRef = E5424A742808BA70003A2676 /* themoviedb_networklayerUITests.swift */; };
		E5424A772808BA70003A2676 /* themoviedb_networklayerUITestsLaunchTests.swift in Sources */ = {isa = PBXBuildFile; fileRef = E5424A762808BA70003A2676 /* themoviedb_networklayerUITestsLaunchTests.swift */; };
		E5424A842808BE58003A2676 /* PopularMovies.json in Resources */ = {isa = PBXBuildFile; fileRef = E5424A832808BE53003A2676 /* PopularMovies.json */; };
		E5424A862808BE84003A2676 /* PopularMoviesURLProtocol.swift in Sources */ = {isa = PBXBuildFile; fileRef = E5424A852808BE84003A2676 /* PopularMoviesURLProtocol.swift */; };
		E5424A8C2808BEF0003A2676 /* MovieViewModel.swift in Sources */ = {isa = PBXBuildFile; fileRef = E5424A882808BEE9003A2676 /* MovieViewModel.swift */; };
		E5424A8D2808BEF0003A2676 /* PopularMovieRequest.swift in Sources */ = {isa = PBXBuildFile; fileRef = E5424A8B2808BEEB003A2676 /* PopularMovieRequest.swift */; };
		E5424A8E2808BEF0003A2676 /* Movie.swift in Sources */ = {isa = PBXBuildFile; fileRef = E5424A8A2808BEEA003A2676 /* Movie.swift */; };
		E5424A8F2808BEF0003A2676 /* PopularMovieListViewModel.swift in Sources */ = {isa = PBXBuildFile; fileRef = E5424A892808BEEA003A2676 /* PopularMovieListViewModel.swift */; };
		E5424A952808C168003A2676 /* NetworkService.swift in Sources */ = {isa = PBXBuildFile; fileRef = E5424A922808C159003A2676 /* NetworkService.swift */; };
		E5424A962808C16B003A2676 /* DataRequest.swift in Sources */ = {isa = PBXBuildFile; fileRef = E5424A932808C159003A2676 /* DataRequest.swift */; };
		E5424A992808C55A003A2676 /* SSLPinningManager.swift in Sources */ = {isa = PBXBuildFile; fileRef = E5424A972808C55A003A2676 /* SSLPinningManager.swift */; };
		E5424A9A2808C5D2003A2676 /* themoviedb.org.cer in Resources */ = {isa = PBXBuildFile; fileRef = E5424A982808C55A003A2676 /* themoviedb.org.cer */; };
/* End PBXBuildFile section */

/* Begin PBXContainerItemProxy section */
		E5424A672808BA70003A2676 /* PBXContainerItemProxy */ = {
			isa = PBXContainerItemProxy;
			containerPortal = E5424A482808BA6C003A2676 /* Project object */;
			proxyType = 1;
			remoteGlobalIDString = E5424A4F2808BA6C003A2676;
			remoteInfo = "themoviedb-networklayer";
		};
		E5424A712808BA70003A2676 /* PBXContainerItemProxy */ = {
			isa = PBXContainerItemProxy;
			containerPortal = E5424A482808BA6C003A2676 /* Project object */;
			proxyType = 1;
			remoteGlobalIDString = E5424A4F2808BA6C003A2676;
			remoteInfo = "themoviedb-networklayer";
		};
/* End PBXContainerItemProxy section */

/* Begin PBXFileReference section */
		E5424A502808BA6C003A2676 /* themoviedb-networklayer.app */ = {isa = PBXFileReference; explicitFileType = wrapper.application; includeInIndex = 0; path = "themoviedb-networklayer.app"; sourceTree = BUILT_PRODUCTS_DIR; };
		E5424A532808BA6C003A2676 /* AppDelegate.swift */ = {isa = PBXFileReference; lastKnownFileType = sourcecode.swift; path = AppDelegate.swift; sourceTree = "<group>"; };
		E5424A552808BA6C003A2676 /* SceneDelegate.swift */ = {isa = PBXFileReference; lastKnownFileType = sourcecode.swift; path = SceneDelegate.swift; sourceTree = "<group>"; };
		E5424A572808BA6C003A2676 /* ViewController.swift */ = {isa = PBXFileReference; lastKnownFileType = sourcecode.swift; path = ViewController.swift; sourceTree = "<group>"; };
		E5424A5A2808BA6C003A2676 /* Base */ = {isa = PBXFileReference; lastKnownFileType = file.storyboard; name = Base; path = Base.lproj/Main.storyboard; sourceTree = "<group>"; };
		E5424A5C2808BA70003A2676 /* Assets.xcassets */ = {isa = PBXFileReference; lastKnownFileType = folder.assetcatalog; path = Assets.xcassets; sourceTree = "<group>"; };
		E5424A5F2808BA70003A2676 /* Base */ = {isa = PBXFileReference; lastKnownFileType = file.storyboard; name = Base; path = Base.lproj/LaunchScreen.storyboard; sourceTree = "<group>"; };
		E5424A612808BA70003A2676 /* Info.plist */ = {isa = PBXFileReference; lastKnownFileType = text.plist.xml; path = Info.plist; sourceTree = "<group>"; };
		E5424A662808BA70003A2676 /* themoviedb-networklayerTests.xctest */ = {isa = PBXFileReference; explicitFileType = wrapper.cfbundle; includeInIndex = 0; path = "themoviedb-networklayerTests.xctest"; sourceTree = BUILT_PRODUCTS_DIR; };
		E5424A6A2808BA70003A2676 /* themoviedb_networklayerTests.swift */ = {isa = PBXFileReference; lastKnownFileType = sourcecode.swift; path = themoviedb_networklayerTests.swift; sourceTree = "<group>"; };
		E5424A702808BA70003A2676 /* themoviedb-networklayerUITests.xctest */ = {isa = PBXFileReference; explicitFileType = wrapper.cfbundle; includeInIndex = 0; path = "themoviedb-networklayerUITests.xctest"; sourceTree = BUILT_PRODUCTS_DIR; };
		E5424A742808BA70003A2676 /* themoviedb_networklayerUITests.swift */ = {isa = PBXFileReference; lastKnownFileType = sourcecode.swift; path = themoviedb_networklayerUITests.swift; sourceTree = "<group>"; };
		E5424A762808BA70003A2676 /* themoviedb_networklayerUITestsLaunchTests.swift */ = {isa = PBXFileReference; lastKnownFileType = sourcecode.swift; path = themoviedb_networklayerUITestsLaunchTests.swift; sourceTree = "<group>"; };
		E5424A832808BE53003A2676 /* PopularMovies.json */ = {isa = PBXFileReference; lastKnownFileType = text.json; path = PopularMovies.json; sourceTree = "<group>"; };
		E5424A852808BE84003A2676 /* PopularMoviesURLProtocol.swift */ = {isa = PBXFileReference; lastKnownFileType = sourcecode.swift; path = PopularMoviesURLProtocol.swift; sourceTree = "<group>"; };
		E5424A882808BEE9003A2676 /* MovieViewModel.swift */ = {isa = PBXFileReference; lastKnownFileType = sourcecode.swift; path = MovieViewModel.swift; sourceTree = "<group>"; };
		E5424A892808BEEA003A2676 /* PopularMovieListViewModel.swift */ = {isa = PBXFileReference; lastKnownFileType = sourcecode.swift; path = PopularMovieListViewModel.swift; sourceTree = "<group>"; };
		E5424A8A2808BEEA003A2676 /* Movie.swift */ = {isa = PBXFileReference; lastKnownFileType = sourcecode.swift; path = Movie.swift; sourceTree = "<group>"; };
		E5424A8B2808BEEB003A2676 /* PopularMovieRequest.swift */ = {isa = PBXFileReference; lastKnownFileType = sourcecode.swift; path = PopularMovieRequest.swift; sourceTree = "<group>"; };
		E5424A922808C159003A2676 /* NetworkService.swift */ = {isa = PBXFileReference; lastKnownFileType = sourcecode.swift; path = NetworkService.swift; sourceTree = "<group>"; };
		E5424A932808C159003A2676 /* DataRequest.swift */ = {isa = PBXFileReference; lastKnownFileType = sourcecode.swift; path = DataRequest.swift; sourceTree = "<group>"; };
		E5424A972808C55A003A2676 /* SSLPinningManager.swift */ = {isa = PBXFileReference; lastKnownFileType = sourcecode.swift; path = SSLPinningManager.swift; sourceTree = "<group>"; };
		E5424A982808C55A003A2676 /* themoviedb.org.cer */ = {isa = PBXFileReference; lastKnownFileType = file; path = themoviedb.org.cer; sourceTree = "<group>"; };
/* End PBXFileReference section */

/* Begin PBXFrameworksBuildPhase section */
		E5424A4D2808BA6C003A2676 /* Frameworks */ = {
			isa = PBXFrameworksBuildPhase;
			buildActionMask = 2147483647;
			files = (
			);
			runOnlyForDeploymentPostprocessing = 0;
		};
		E5424A632808BA70003A2676 /* Frameworks */ = {
			isa = PBXFrameworksBuildPhase;
			buildActionMask = 2147483647;
			files = (
			);
			runOnlyForDeploymentPostprocessing = 0;
		};
		E5424A6D2808BA70003A2676 /* Frameworks */ = {
			isa = PBXFrameworksBuildPhase;
			buildActionMask = 2147483647;
			files = (
			);
			runOnlyForDeploymentPostprocessing = 0;
		};
/* End PBXFrameworksBuildPhase section */

/* Begin PBXGroup section */
		E5424A472808BA6C003A2676 = {
			isa = PBXGroup;
			children = (
				E5424A522808BA6C003A2676 /* themoviedb-networklayer */,
				E5424A692808BA70003A2676 /* themoviedb-networklayerTests */,
				E5424A732808BA70003A2676 /* themoviedb-networklayerUITests */,
				E5424A512808BA6C003A2676 /* Products */,
			);
			sourceTree = "<group>";
		};
		E5424A512808BA6C003A2676 /* Products */ = {
			isa = PBXGroup;
			children = (
				E5424A502808BA6C003A2676 /* themoviedb-networklayer.app */,
				E5424A662808BA70003A2676 /* themoviedb-networklayerTests.xctest */,
				E5424A702808BA70003A2676 /* themoviedb-networklayerUITests.xctest */,
			);
			name = Products;
			sourceTree = "<group>";
		};
		E5424A522808BA6C003A2676 /* themoviedb-networklayer */ = {
			isa = PBXGroup;
			children = (
				E5424A872808BED2003A2676 /* Model */,
				E5424A902808C159003A2676 /* Service */,
				E5424A532808BA6C003A2676 /* AppDelegate.swift */,
				E5424A552808BA6C003A2676 /* SceneDelegate.swift */,
				E5424A572808BA6C003A2676 /* ViewController.swift */,
				E5424A592808BA6C003A2676 /* Main.storyboard */,
				E5424A5C2808BA70003A2676 /* Assets.xcassets */,
				E5424A5E2808BA70003A2676 /* LaunchScreen.storyboard */,
				E5424A612808BA70003A2676 /* Info.plist */,
			);
			path = "themoviedb-networklayer";
			sourceTree = "<group>";
		};
		E5424A692808BA70003A2676 /* themoviedb-networklayerTests */ = {
			isa = PBXGroup;
			children = (
				E5424A852808BE84003A2676 /* PopularMoviesURLProtocol.swift */,
				E5424A6A2808BA70003A2676 /* themoviedb_networklayerTests.swift */,
				E5424A832808BE53003A2676 /* PopularMovies.json */,
			);
			path = "themoviedb-networklayerTests";
			sourceTree = "<group>";
		};
		E5424A732808BA70003A2676 /* themoviedb-networklayerUITests */ = {
			isa = PBXGroup;
			children = (
				E5424A742808BA70003A2676 /* themoviedb_networklayerUITests.swift */,
				E5424A762808BA70003A2676 /* themoviedb_networklayerUITestsLaunchTests.swift */,
			);
			path = "themoviedb-networklayerUITests";
			sourceTree = "<group>";
		};
		E5424A872808BED2003A2676 /* Model */ = {
			isa = PBXGroup;
			children = (
				E5424A8A2808BEEA003A2676 /* Movie.swift */,
				E5424A882808BEE9003A2676 /* MovieViewModel.swift */,
				E5424A892808BEEA003A2676 /* PopularMovieListViewModel.swift */,
				E5424A8B2808BEEB003A2676 /* PopularMovieRequest.swift */,
			);
			path = Model;
			sourceTree = "<group>";
		};
		E5424A902808C159003A2676 /* Service */ = {
			isa = PBXGroup;
			children = (
				E5424A972808C55A003A2676 /* SSLPinningManager.swift */,
				E5424A982808C55A003A2676 /* themoviedb.org.cer */,
				E5424A922808C159003A2676 /* NetworkService.swift */,
				E5424A932808C159003A2676 /* DataRequest.swift */,
			);
			path = Service;
			sourceTree = "<group>";
		};
/* End PBXGroup section */

/* Begin PBXNativeTarget section */
		E5424A4F2808BA6C003A2676 /* themoviedb-networklayer */ = {
			isa = PBXNativeTarget;
			buildConfigurationList = E5424A7A2808BA70003A2676 /* Build configuration list for PBXNativeTarget "themoviedb-networklayer" */;
			buildPhases = (
				E5424A4C2808BA6C003A2676 /* Sources */,
				E5424A4D2808BA6C003A2676 /* Frameworks */,
				E5424A4E2808BA6C003A2676 /* Resources */,
			);
			buildRules = (
			);
			dependencies = (
			);
			name = "themoviedb-networklayer";
			productName = "themoviedb-networklayer";
			productReference = E5424A502808BA6C003A2676 /* themoviedb-networklayer.app */;
			productType = "com.apple.product-type.application";
		};
		E5424A652808BA70003A2676 /* themoviedb-networklayerTests */ = {
			isa = PBXNativeTarget;
			buildConfigurationList = E5424A7D2808BA70003A2676 /* Build configuration list for PBXNativeTarget "themoviedb-networklayerTests" */;
			buildPhases = (
				E5424A622808BA70003A2676 /* Sources */,
				E5424A632808BA70003A2676 /* Frameworks */,
				E5424A642808BA70003A2676 /* Resources */,
			);
			buildRules = (
			);
			dependencies = (
				E5424A682808BA70003A2676 /* PBXTargetDependency */,
			);
			name = "themoviedb-networklayerTests";
			productName = "themoviedb-networklayerTests";
			productReference = E5424A662808BA70003A2676 /* themoviedb-networklayerTests.xctest */;
			productType = "com.apple.product-type.bundle.unit-test";
		};
		E5424A6F2808BA70003A2676 /* themoviedb-networklayerUITests */ = {
			isa = PBXNativeTarget;
			buildConfigurationList = E5424A802808BA70003A2676 /* Build configuration list for PBXNativeTarget "themoviedb-networklayerUITests" */;
			buildPhases = (
				E5424A6C2808BA70003A2676 /* Sources */,
				E5424A6D2808BA70003A2676 /* Frameworks */,
				E5424A6E2808BA70003A2676 /* Resources */,
			);
			buildRules = (
			);
			dependencies = (
				E5424A722808BA70003A2676 /* PBXTargetDependency */,
			);
			name = "themoviedb-networklayerUITests";
			productName = "themoviedb-networklayerUITests";
			productReference = E5424A702808BA70003A2676 /* themoviedb-networklayerUITests.xctest */;
			productType = "com.apple.product-type.bundle.ui-testing";
		};
/* End PBXNativeTarget section */

/* Begin PBXProject section */
		E5424A482808BA6C003A2676 /* Project object */ = {
			isa = PBXProject;
			attributes = {
				BuildIndependentTargetsInParallel = 1;
				LastSwiftUpdateCheck = 1330;
				LastUpgradeCheck = 1330;
				TargetAttributes = {
					E5424A4F2808BA6C003A2676 = {
						CreatedOnToolsVersion = 13.3.1;
					};
					E5424A652808BA70003A2676 = {
						CreatedOnToolsVersion = 13.3.1;
						TestTargetID = E5424A4F2808BA6C003A2676;
					};
					E5424A6F2808BA70003A2676 = {
						CreatedOnToolsVersion = 13.3.1;
						TestTargetID = E5424A4F2808BA6C003A2676;
					};
				};
			};
			buildConfigurationList = E5424A4B2808BA6C003A2676 /* Build configuration list for PBXProject "themoviedb-networklayer" */;
			compatibilityVersion = "Xcode 13.0";
			developmentRegion = en;
			hasScannedForEncodings = 0;
			knownRegions = (
				en,
				Base,
			);
			mainGroup = E5424A472808BA6C003A2676;
			productRefGroup = E5424A512808BA6C003A2676 /* Products */;
			projectDirPath = "";
			projectRoot = "";
			targets = (
				E5424A4F2808BA6C003A2676 /* themoviedb-networklayer */,
				E5424A652808BA70003A2676 /* themoviedb-networklayerTests */,
				E5424A6F2808BA70003A2676 /* themoviedb-networklayerUITests */,
			);
		};
/* End PBXProject section */

/* Begin PBXResourcesBuildPhase section */
		E5424A4E2808BA6C003A2676 /* Resources */ = {
			isa = PBXResourcesBuildPhase;
			buildActionMask = 2147483647;
			files = (
				E5424A602808BA70003A2676 /* LaunchScreen.storyboard in Resources */,
				E5424A5D2808BA70003A2676 /* Assets.xcassets in Resources */,
				E5424A5B2808BA6C003A2676 /* Main.storyboard in Resources */,
				E5424A9A2808C5D2003A2676 /* themoviedb.org.cer in Resources */,
			);
			runOnlyForDeploymentPostprocessing = 0;
		};
		E5424A642808BA70003A2676 /* Resources */ = {
			isa = PBXResourcesBuildPhase;
			buildActionMask = 2147483647;
			files = (
				E5424A842808BE58003A2676 /* PopularMovies.json in Resources */,
			);
			runOnlyForDeploymentPostprocessing = 0;
		};
		E5424A6E2808BA70003A2676 /* Resources */ = {
			isa = PBXResourcesBuildPhase;
			buildActionMask = 2147483647;
			files = (
			);
			runOnlyForDeploymentPostprocessing = 0;
		};
/* End PBXResourcesBuildPhase section */

/* Begin PBXSourcesBuildPhase section */
		E5424A4C2808BA6C003A2676 /* Sources */ = {
			isa = PBXSourcesBuildPhase;
			buildActionMask = 2147483647;
			files = (
				E5424A962808C16B003A2676 /* DataRequest.swift in Sources */,
				E5424A8F2808BEF0003A2676 /* PopularMovieListViewModel.swift in Sources */,
				E5424A582808BA6C003A2676 /* ViewController.swift in Sources */,
				E5424A952808C168003A2676 /* NetworkService.swift in Sources */,
				E5424A8D2808BEF0003A2676 /* PopularMovieRequest.swift in Sources */,
				E5424A8E2808BEF0003A2676 /* Movie.swift in Sources */,
				E5424A992808C55A003A2676 /* SSLPinningManager.swift in Sources */,
				E5424A542808BA6C003A2676 /* AppDelegate.swift in Sources */,
				E5424A562808BA6C003A2676 /* SceneDelegate.swift in Sources */,
				E5424A8C2808BEF0003A2676 /* MovieViewModel.swift in Sources */,
			);
			runOnlyForDeploymentPostprocessing = 0;
		};
		E5424A622808BA70003A2676 /* Sources */ = {
			isa = PBXSourcesBuildPhase;
			buildActionMask = 2147483647;
			files = (
				E5424A862808BE84003A2676 /* PopularMoviesURLProtocol.swift in Sources */,
				E5424A6B2808BA70003A2676 /* themoviedb_networklayerTests.swift in Sources */,
			);
			runOnlyForDeploymentPostprocessing = 0;
		};
		E5424A6C2808BA70003A2676 /* Sources */ = {
			isa = PBXSourcesBuildPhase;
			buildActionMask = 2147483647;
			files = (
				E5424A772808BA70003A2676 /* themoviedb_networklayerUITestsLaunchTests.swift in Sources */,
				E5424A752808BA70003A2676 /* themoviedb_networklayerUITests.swift in Sources */,
			);
			runOnlyForDeploymentPostprocessing = 0;
		};
/* End PBXSourcesBuildPhase section */

/* Begin PBXTargetDependency section */
		E5424A682808BA70003A2676 /* PBXTargetDependency */ = {
			isa = PBXTargetDependency;
			target = E5424A4F2808BA6C003A2676 /* themoviedb-networklayer */;
			targetProxy = E5424A672808BA70003A2676 /* PBXContainerItemProxy */;
		};
		E5424A722808BA70003A2676 /* PBXTargetDependency */ = {
			isa = PBXTargetDependency;
			target = E5424A4F2808BA6C003A2676 /* themoviedb-networklayer */;
			targetProxy = E5424A712808BA70003A2676 /* PBXContainerItemProxy */;
		};
/* End PBXTargetDependency section */

/* Begin PBXVariantGroup section */
		E5424A592808BA6C003A2676 /* Main.storyboard */ = {
			isa = PBXVariantGroup;
			children = (
				E5424A5A2808BA6C003A2676 /* Base */,
			);
			name = Main.storyboard;
			sourceTree = "<group>";
		};
		E5424A5E2808BA70003A2676 /* LaunchScreen.storyboard */ = {
			isa = PBXVariantGroup;
			children = (
				E5424A5F2808BA70003A2676 /* Base */,
			);
			name = LaunchScreen.storyboard;
			sourceTree = "<group>";
		};
/* End PBXVariantGroup section */

/* Begin XCBuildConfiguration section */
		E5424A782808BA70003A2676 /* Debug */ = {
			isa = XCBuildConfiguration;
			buildSettings = {
				ALWAYS_SEARCH_USER_PATHS = NO;
				CLANG_ANALYZER_NONNULL = YES;
				CLANG_ANALYZER_NUMBER_OBJECT_CONVERSION = YES_AGGRESSIVE;
				CLANG_CXX_LANGUAGE_STANDARD = "gnu++17";
				CLANG_ENABLE_MODULES = YES;
				CLANG_ENABLE_OBJC_ARC = YES;
				CLANG_ENABLE_OBJC_WEAK = YES;
				CLANG_WARN_BLOCK_CAPTURE_AUTORELEASING = YES;
				CLANG_WARN_BOOL_CONVERSION = YES;
				CLANG_WARN_COMMA = YES;
				CLANG_WARN_CONSTANT_CONVERSION = YES;
				CLANG_WARN_DEPRECATED_OBJC_IMPLEMENTATIONS = YES;
				CLANG_WARN_DIRECT_OBJC_ISA_USAGE = YES_ERROR;
				CLANG_WARN_DOCUMENTATION_COMMENTS = YES;
				CLANG_WARN_EMPTY_BODY = YES;
				CLANG_WARN_ENUM_CONVERSION = YES;
				CLANG_WARN_INFINITE_RECURSION = YES;
				CLANG_WARN_INT_CONVERSION = YES;
				CLANG_WARN_NON_LITERAL_NULL_CONVERSION = YES;
				CLANG_WARN_OBJC_IMPLICIT_RETAIN_SELF = YES;
				CLANG_WARN_OBJC_LITERAL_CONVERSION = YES;
				CLANG_WARN_OBJC_ROOT_CLASS = YES_ERROR;
				CLANG_WARN_QUOTED_INCLUDE_IN_FRAMEWORK_HEADER = YES;
				CLANG_WARN_RANGE_LOOP_ANALYSIS = YES;
				CLANG_WARN_STRICT_PROTOTYPES = YES;
				CLANG_WARN_SUSPICIOUS_MOVE = YES;
				CLANG_WARN_UNGUARDED_AVAILABILITY = YES_AGGRESSIVE;
				CLANG_WARN_UNREACHABLE_CODE = YES;
				CLANG_WARN__DUPLICATE_METHOD_MATCH = YES;
				COPY_PHASE_STRIP = NO;
				DEBUG_INFORMATION_FORMAT = dwarf;
				ENABLE_STRICT_OBJC_MSGSEND = YES;
				ENABLE_TESTABILITY = YES;
				GCC_C_LANGUAGE_STANDARD = gnu11;
				GCC_DYNAMIC_NO_PIC = NO;
				GCC_NO_COMMON_BLOCKS = YES;
				GCC_OPTIMIZATION_LEVEL = 0;
				GCC_PREPROCESSOR_DEFINITIONS = (
					"DEBUG=1",
					"$(inherited)",
				);
				GCC_WARN_64_TO_32_BIT_CONVERSION = YES;
				GCC_WARN_ABOUT_RETURN_TYPE = YES_ERROR;
				GCC_WARN_UNDECLARED_SELECTOR = YES;
				GCC_WARN_UNINITIALIZED_AUTOS = YES_AGGRESSIVE;
				GCC_WARN_UNUSED_FUNCTION = YES;
				GCC_WARN_UNUSED_VARIABLE = YES;
				IPHONEOS_DEPLOYMENT_TARGET = 15.4;
				MTL_ENABLE_DEBUG_INFO = INCLUDE_SOURCE;
				MTL_FAST_MATH = YES;
				ONLY_ACTIVE_ARCH = YES;
				SDKROOT = iphoneos;
				SWIFT_ACTIVE_COMPILATION_CONDITIONS = DEBUG;
				SWIFT_OPTIMIZATION_LEVEL = "-Onone";
			};
			name = Debug;
		};
		E5424A792808BA70003A2676 /* Release */ = {
			isa = XCBuildConfiguration;
			buildSettings = {
				ALWAYS_SEARCH_USER_PATHS = NO;
				CLANG_ANALYZER_NONNULL = YES;
				CLANG_ANALYZER_NUMBER_OBJECT_CONVERSION = YES_AGGRESSIVE;
				CLANG_CXX_LANGUAGE_STANDARD = "gnu++17";
				CLANG_ENABLE_MODULES = YES;
				CLANG_ENABLE_OBJC_ARC = YES;
				CLANG_ENABLE_OBJC_WEAK = YES;
				CLANG_WARN_BLOCK_CAPTURE_AUTORELEASING = YES;
				CLANG_WARN_BOOL_CONVERSION = YES;
				CLANG_WARN_COMMA = YES;
				CLANG_WARN_CONSTANT_CONVERSION = YES;
				CLANG_WARN_DEPRECATED_OBJC_IMPLEMENTATIONS = YES;
				CLANG_WARN_DIRECT_OBJC_ISA_USAGE = YES_ERROR;
				CLANG_WARN_DOCUMENTATION_COMMENTS = YES;
				CLANG_WARN_EMPTY_BODY = YES;
				CLANG_WARN_ENUM_CONVERSION = YES;
				CLANG_WARN_INFINITE_RECURSION = YES;
				CLANG_WARN_INT_CONVERSION = YES;
				CLANG_WARN_NON_LITERAL_NULL_CONVERSION = YES;
				CLANG_WARN_OBJC_IMPLICIT_RETAIN_SELF = YES;
				CLANG_WARN_OBJC_LITERAL_CONVERSION = YES;
				CLANG_WARN_OBJC_ROOT_CLASS = YES_ERROR;
				CLANG_WARN_QUOTED_INCLUDE_IN_FRAMEWORK_HEADER = YES;
				CLANG_WARN_RANGE_LOOP_ANALYSIS = YES;
				CLANG_WARN_STRICT_PROTOTYPES = YES;
				CLANG_WARN_SUSPICIOUS_MOVE = YES;
				CLANG_WARN_UNGUARDED_AVAILABILITY = YES_AGGRESSIVE;
				CLANG_WARN_UNREACHABLE_CODE = YES;
				CLANG_WARN__DUPLICATE_METHOD_MATCH = YES;
				COPY_PHASE_STRIP = NO;
				DEBUG_INFORMATION_FORMAT = "dwarf-with-dsym";
				ENABLE_NS_ASSERTIONS = NO;
				ENABLE_STRICT_OBJC_MSGSEND = YES;
				GCC_C_LANGUAGE_STANDARD = gnu11;
				GCC_NO_COMMON_BLOCKS = YES;
				GCC_WARN_64_TO_32_BIT_CONVERSION = YES;
				GCC_WARN_ABOUT_RETURN_TYPE = YES_ERROR;
				GCC_WARN_UNDECLARED_SELECTOR = YES;
				GCC_WARN_UNINITIALIZED_AUTOS = YES_AGGRESSIVE;
				GCC_WARN_UNUSED_FUNCTION = YES;
				GCC_WARN_UNUSED_VARIABLE = YES;
				IPHONEOS_DEPLOYMENT_TARGET = 15.4;
				MTL_ENABLE_DEBUG_INFO = NO;
				MTL_FAST_MATH = YES;
				SDKROOT = iphoneos;
				SWIFT_COMPILATION_MODE = wholemodule;
				SWIFT_OPTIMIZATION_LEVEL = "-O";
				VALIDATE_PRODUCT = YES;
			};
			name = Release;
		};
		E5424A7B2808BA70003A2676 /* Debug */ = {
			isa = XCBuildConfiguration;
			buildSettings = {
				ASSETCATALOG_COMPILER_APPICON_NAME = AppIcon;
				ASSETCATALOG_COMPILER_GLOBAL_ACCENT_COLOR_NAME = AccentColor;
				CODE_SIGN_STYLE = Automatic;
				CURRENT_PROJECT_VERSION = 1;
				DEVELOPMENT_TEAM = Q78LKWJ5MC;
				GENERATE_INFOPLIST_FILE = YES;
				INFOPLIST_FILE = "themoviedb-networklayer/Info.plist";
				INFOPLIST_KEY_UIApplicationSupportsIndirectInputEvents = YES;
				INFOPLIST_KEY_UILaunchStoryboardName = LaunchScreen;
				INFOPLIST_KEY_UIMainStoryboardFile = Main;
				INFOPLIST_KEY_UISupportedInterfaceOrientations_iPad = "UIInterfaceOrientationPortrait UIInterfaceOrientationPortraitUpsideDown UIInterfaceOrientationLandscapeLeft UIInterfaceOrientationLandscapeRight";
				INFOPLIST_KEY_UISupportedInterfaceOrientations_iPhone = "UIInterfaceOrientationPortrait UIInterfaceOrientationLandscapeLeft UIInterfaceOrientationLandscapeRight";
				LD_RUNPATH_SEARCH_PATHS = (
					"$(inherited)",
					"@executable_path/Frameworks",
				);
				MARKETING_VERSION = 1.0;
				PRODUCT_BUNDLE_IDENTIFIER = "com.fabiosoft.themoviedb-networklayer";
				PRODUCT_NAME = "$(TARGET_NAME)";
				SWIFT_EMIT_LOC_STRINGS = YES;
				SWIFT_VERSION = 5.0;
				TARGETED_DEVICE_FAMILY = "1,2";
			};
			name = Debug;
		};
		E5424A7C2808BA70003A2676 /* Release */ = {
			isa = XCBuildConfiguration;
			buildSettings = {
				ASSETCATALOG_COMPILER_APPICON_NAME = AppIcon;
				ASSETCATALOG_COMPILER_GLOBAL_ACCENT_COLOR_NAME = AccentColor;
				CODE_SIGN_STYLE = Automatic;
				CURRENT_PROJECT_VERSION = 1;
				DEVELOPMENT_TEAM = Q78LKWJ5MC;
				GENERATE_INFOPLIST_FILE = YES;
				INFOPLIST_FILE = "themoviedb-networklayer/Info.plist";
				INFOPLIST_KEY_UIApplicationSupportsIndirectInputEvents = YES;
				INFOPLIST_KEY_UILaunchStoryboardName = LaunchScreen;
				INFOPLIST_KEY_UIMainStoryboardFile = Main;
				INFOPLIST_KEY_UISupportedInterfaceOrientations_iPad = "UIInterfaceOrientationPortrait UIInterfaceOrientationPortraitUpsideDown UIInterfaceOrientationLandscapeLeft UIInterfaceOrientationLandscapeRight";
				INFOPLIST_KEY_UISupportedInterfaceOrientations_iPhone = "UIInterfaceOrientationPortrait UIInterfaceOrientationLandscapeLeft UIInterfaceOrientationLandscapeRight";
				LD_RUNPATH_SEARCH_PATHS = (
					"$(inherited)",
					"@executable_path/Frameworks",
				);
				MARKETING_VERSION = 1.0;
				PRODUCT_BUNDLE_IDENTIFIER = "com.fabiosoft.themoviedb-networklayer";
				PRODUCT_NAME = "$(TARGET_NAME)";
				SWIFT_EMIT_LOC_STRINGS = YES;
				SWIFT_VERSION = 5.0;
				TARGETED_DEVICE_FAMILY = "1,2";
			};
			name = Release;
		};
		E5424A7E2808BA70003A2676 /* Debug */ = {
			isa = XCBuildConfiguration;
			buildSettings = {
				ALWAYS_EMBED_SWIFT_STANDARD_LIBRARIES = YES;
				BUNDLE_LOADER = "$(TEST_HOST)";
				CODE_SIGN_STYLE = Automatic;
				CURRENT_PROJECT_VERSION = 1;
				DEVELOPMENT_TEAM = Q78LKWJ5MC;
				GENERATE_INFOPLIST_FILE = YES;
				IPHONEOS_DEPLOYMENT_TARGET = 15.4;
				MARKETING_VERSION = 1.0;
				PRODUCT_BUNDLE_IDENTIFIER = "com.fabiosoft.themoviedb-networklayerTests";
				PRODUCT_NAME = "$(TARGET_NAME)";
				SWIFT_EMIT_LOC_STRINGS = NO;
				SWIFT_VERSION = 5.0;
				TARGETED_DEVICE_FAMILY = "1,2";
				TEST_HOST = "$(BUILT_PRODUCTS_DIR)/themoviedb-networklayer.app/themoviedb-networklayer";
			};
			name = Debug;
		};
		E5424A7F2808BA70003A2676 /* Release */ = {
			isa = XCBuildConfiguration;
			buildSettings = {
				ALWAYS_EMBED_SWIFT_STANDARD_LIBRARIES = YES;
				BUNDLE_LOADER = "$(TEST_HOST)";
				CODE_SIGN_STYLE = Automatic;
				CURRENT_PROJECT_VERSION = 1;
				DEVELOPMENT_TEAM = Q78LKWJ5MC;
				GENERATE_INFOPLIST_FILE = YES;
				IPHONEOS_DEPLOYMENT_TARGET = 15.4;
				MARKETING_VERSION = 1.0;
				PRODUCT_BUNDLE_IDENTIFIER = "com.fabiosoft.themoviedb-networklayerTests";
				PRODUCT_NAME = "$(TARGET_NAME)";
				SWIFT_EMIT_LOC_STRINGS = NO;
				SWIFT_VERSION = 5.0;
				TARGETED_DEVICE_FAMILY = "1,2";
				TEST_HOST = "$(BUILT_PRODUCTS_DIR)/themoviedb-networklayer.app/themoviedb-networklayer";
			};
			name = Release;
		};
		E5424A812808BA70003A2676 /* Debug */ = {
			isa = XCBuildConfiguration;
			buildSettings = {
				ALWAYS_EMBED_SWIFT_STANDARD_LIBRARIES = YES;
				CODE_SIGN_STYLE = Automatic;
				CURRENT_PROJECT_VERSION = 1;
				DEVELOPMENT_TEAM = Q78LKWJ5MC;
				GENERATE_INFOPLIST_FILE = YES;
				MARKETING_VERSION = 1.0;
				PRODUCT_BUNDLE_IDENTIFIER = "com.fabiosoft.themoviedb-networklayerUITests";
				PRODUCT_NAME = "$(TARGET_NAME)";
				SWIFT_EMIT_LOC_STRINGS = NO;
				SWIFT_VERSION = 5.0;
				TARGETED_DEVICE_FAMILY = "1,2";
				TEST_TARGET_NAME = "themoviedb-networklayer";
			};
			name = Debug;
		};
		E5424A822808BA70003A2676 /* Release */ = {
			isa = XCBuildConfiguration;
			buildSettings = {
				ALWAYS_EMBED_SWIFT_STANDARD_LIBRARIES = YES;
				CODE_SIGN_STYLE = Automatic;
				CURRENT_PROJECT_VERSION = 1;
				DEVELOPMENT_TEAM = Q78LKWJ5MC;
				GENERATE_INFOPLIST_FILE = YES;
				MARKETING_VERSION = 1.0;
				PRODUCT_BUNDLE_IDENTIFIER = "com.fabiosoft.themoviedb-networklayerUITests";
				PRODUCT_NAME = "$(TARGET_NAME)";
				SWIFT_EMIT_LOC_STRINGS = NO;
				SWIFT_VERSION = 5.0;
				TARGETED_DEVICE_FAMILY = "1,2";
				TEST_TARGET_NAME = "themoviedb-networklayer";
			};
			name = Release;
		};
/* End XCBuildConfiguration section */

/* Begin XCConfigurationList section */
		E5424A4B2808BA6C003A2676 /* Build configuration list for PBXProject "themoviedb-networklayer" */ = {
			isa = XCConfigurationList;
			buildConfigurations = (
				E5424A782808BA70003A2676 /* Debug */,
				E5424A792808BA70003A2676 /* Release */,
			);
			defaultConfigurationIsVisible = 0;
			defaultConfigurationName = Release;
		};
		E5424A7A2808BA70003A2676 /* Build configuration list for PBXNativeTarget "themoviedb-networklayer" */ = {
			isa = XCConfigurationList;
			buildConfigurations = (
				E5424A7B2808BA70003A2676 /* Debug */,
				E5424A7C2808BA70003A2676 /* Release */,
			);
			defaultConfigurationIsVisible = 0;
			defaultConfigurationName = Release;
		};
		E5424A7D2808BA70003A2676 /* Build configuration list for PBXNativeTarget "themoviedb-networklayerTests" */ = {
			isa = XCConfigurationList;
			buildConfigurations = (
				E5424A7E2808BA70003A2676 /* Debug */,
				E5424A7F2808BA70003A2676 /* Release */,
			);
			defaultConfigurationIsVisible = 0;
			defaultConfigurationName = Release;
		};
		E5424A802808BA70003A2676 /* Build configuration list for PBXNativeTarget "themoviedb-networklayerUITests" */ = {
			isa = XCConfigurationList;
			buildConfigurations = (
				E5424A812808BA70003A2676 /* Debug */,
				E5424A822808BA70003A2676 /* Release */,
			);
			defaultConfigurationIsVisible = 0;
			defaultConfigurationName = Release;
		};
/* End XCConfigurationList section */
	};
	rootObject = E5424A482808BA6C003A2676 /* Project object */;
}
